
Microsoft Visual Studio Solution File, Format Version 12.00
# Visual Studio Version 17
VisualStudioVersion = 17.13.35825.156
MinimumVisualStudioVersion = 10.0.40219.1
Project("{FAE04EC0-301F-11D3-BF4B-00C04F79EFBC}") = "ShopEasy.API", "ShopEasy.API\ShopEasy.API.csproj", "{8640CDAB-6B97-4C53-839C-F26BAACB99DC}"
EndProject
Project("{FAE04EC0-301F-11D3-BF4B-00C04F79EFBC}") = "BlazorProductApp", "..\..\BlazorProductApp\BlazorProductApp.csproj", "{5CE863EB-D3B5-4EB7-9796-46FF549F05FC}"
EndProject
Global
	GlobalSection(SolutionConfigurationPlatforms) = preSolution
		Debug|Any CPU = Debug|Any CPU
		Release|Any CPU = Release|Any CPU
	EndGlobalSection
	GlobalSection(ProjectConfigurationPlatforms) = postSolution
		{8640CDAB-6B97-4C53-839C-F26BAACB99DC}.Debug|Any CPU.ActiveCfg = Debug|Any CPU
		{8640CDAB-6B97-4C53-839C-F26BAACB99DC}.Debug|Any CPU.Build.0 = Debug|Any CPU
		{8640CDAB-6B97-4C53-839C-F26BAACB99DC}.Release|Any CPU.ActiveCfg = Release|Any CPU
		{8640CDAB-6B97-4C53-839C-F26BAACB99DC}.Release|Any CPU.Build.0 = Release|Any CPU
		{5CE863EB-D3B5-4EB7-9796-46FF549F05FC}.Debug|Any CPU.ActiveCfg = Debug|Any CPU
		{5CE863EB-D3B5-4EB7-9796-46FF549F05FC}.Debug|Any CPU.Build.0 = Debug|Any CPU
		{5CE863EB-D3B5-4EB7-9796-46FF549F05FC}.Release|Any CPU.ActiveCfg = Release|Any CPU
		{5CE863EB-D3B5-4EB7-9796-46FF549F05FC}.Release|Any CPU.Build.0 = Release|Any CPU
	EndGlobalSection
	GlobalSection(SolutionProperties) = preSolution
		HideSolutionNode = FALSE
	EndGlobalSection
	GlobalSection(ExtensibilityGlobals) = postSolution
		SolutionGuid = {031AE21B-3F8A-4FF0-92B0-C5082FCCC444}
	EndGlobalSection
EndGlobal
